
Microsoft Visual Studio Solution File, Format Version 12.00
# Visual Studio 15
VisualStudioVersion = 15.0.27703.2042
MinimumVisualStudioVersion = 10.0.40219.1
Project("{FAE04EC0-301F-11D3-BF4B-00C04F79EFBC}") = "WebAuditInterception", "WebAuditInterception\WebAuditInterception.csproj", "{1AFFF1C2-7CE7-4D98-B5E6-1195221069CD}"
EndProject
Global
	GlobalSection(SolutionConfigurationPlatforms) = preSolution
		Debug|Any CPU = Debug|Any CPU
		Release|Any CPU = Release|Any CPU
	EndGlobalSection
	GlobalSection(ProjectConfigurationPlatforms) = postSolution
		{1AFFF1C2-7CE7-4D98-B5E6-1195221069CD}.Debug|Any CPU.ActiveCfg = Debug|Any CPU
		{1AFFF1C2-7CE7-4D98-B5E6-1195221069CD}.Debug|Any CPU.Build.0 = Debug|Any CPU
		{1AFFF1C2-7CE7-4D98-B5E6-1195221069CD}.Release|Any CPU.ActiveCfg = Release|Any CPU
		{1AFFF1C2-7CE7-4D98-B5E6-1195221069CD}.Release|Any CPU.Build.0 = Release|Any CPU
	EndGlobalSection
	GlobalSection(SolutionProperties) = preSolution
		HideSolutionNode = FALSE
	EndGlobalSection
	GlobalSection(ExtensibilityGlobals) = postSolution
		SolutionGuid = {D67CA581-26AB-4FDE-BB3F-37B78EACB9C6}
	EndGlobalSection
EndGlobal
